lockfileVersion: '9.0'

settings:
  autoInstallPeers: true
  excludeLinksFromLockfile: false

importers:

  .:
    dependencies:
      pnpm:
        specifier: 9.7.0
        version: 9.7.0
      typescript:
        specifier: ^5.5.4
        version: 5.5.4

packages:

  pnpm@9.7.0:
    resolution: {integrity: sha512-3AlDAVa0J/Xs/HmIiJnhw50taQ8AS+cOBSMLcssXPZaDlYdUXQlCm1WsPEKcgBtNw8DgAvZTgwpCD6LdTjz5zw==}
    engines: {node: '>=18.12'}
    hasBin: true

  typescript@5.5.4:
    resolution: {integrity: sha512-Mtq29sKDAEYP7aljRgtPOpTvOfbwRWlS6dPRzwjdE+C0R4brX/GUyhHSecbHMFLNBLcJIPt9nl9yG5TZ1weH+Q==}
    engines: {node: '>=14.17'}
    hasBin: true

snapshots:

  pnpm@9.7.0: {}

  typescript@5.5.4: {}
